// !$*UTF8*$!
{
	archiveVersion = 1;
	classes = {
	};
	objectVersion = 46;
	objects = {

/* Begin PBXBuildFile section */
		6C613EE01B5AD490001C0F23 /* TENAppDelegate.m in Sources */ = {isa = PBXBuildFile; fileRef = 6C613EDF1B5AD490001C0F23 /* TENAppDelegate.m */; };
		6C613F031B5AD709001C0F23 /* main.m in Sources */ = {isa = PBXBuildFile; fileRef = 6C613F011B5AD709001C0F23 /* main.m */; };
		6C613F081B5AD715001C0F23 /* LaunchScreen.xib in Resources */ = {isa = PBXBuildFile; fileRef = 6C613F051B5AD715001C0F23 /* LaunchScreen.xib */; };
		6C613F091B5AD715001C0F23 /* Images.xcassets in Resources */ = {isa = PBXBuildFile; fileRef = 6C613F071B5AD715001C0F23 /* Images.xcassets */; };
		6C613F2D1B5AD8BB001C0F23 /* NSBundle+TENExtensions.m in Sources */ = {isa = PBXBuildFile; fileRef = 6C613F141B5AD8BB001C0F23 /* NSBundle+TENExtensions.m */; };
		6C613F2E1B5AD8BB001C0F23 /* NSFileManager+TENExtensions.m in Sources */ = {isa = PBXBuildFile; fileRef = 6C613F171B5AD8BB001C0F23 /* NSFileManager+TENExtensions.m */; };
		6C613F2F1B5AD8BB001C0F23 /* NSMutableArray+TENExtensions.m in Sources */ = {isa = PBXBuildFile; fileRef = 6C613F1A1B5AD8BB001C0F23 /* NSMutableArray+TENExtensions.m */; };
		6C613F301B5AD8BB001C0F23 /* NSURLSession+TENExtensions.m in Sources */ = {isa = PBXBuildFile; fileRef = 6C613F1D1B5AD8BB001C0F23 /* NSURLSession+TENExtensions.m */; };
		6C613F311B5AD8BB001C0F23 /* UINib+TENExtensions.m in Sources */ = {isa = PBXBuildFile; fileRef = 6C613F201B5AD8BB001C0F23 /* UINib+TENExtensions.m */; };
		6C613F321B5AD8BB001C0F23 /* UITableView+TENExtensions.m in Sources */ = {isa = PBXBuildFile; fileRef = 6C613F231B5AD8BB001C0F23 /* UITableView+TENExtensions.m */; };
		6C613F331B5AD8BB001C0F23 /* UIView+TENExtensions.m in Sources */ = {isa = PBXBuildFile; fileRef = 6C613F261B5AD8BB001C0F23 /* UIView+TENExtensions.m */; };
		6C613F341B5AD8BB001C0F23 /* UIViewController+TENExtensions.m in Sources */ = {isa = PBXBuildFile; fileRef = 6C613F291B5AD8BB001C0F23 /* UIViewController+TENExtensions.m */; };
		6C613F351B5AD8BB001C0F23 /* UIWindow+TENExtensions.m in Sources */ = {isa = PBXBuildFile; fileRef = 6C613F2C1B5AD8BB001C0F23 /* UIWindow+TENExtensions.m */; };
		6C613F391B5AD93E001C0F23 /* TENChangedPath.m in Sources */ = {isa = PBXBuildFile; fileRef = 6C613F381B5AD93E001C0F23 /* TENChangedPath.m */; };
		6C613F3E1B5ADAAD001C0F23 /* TENTestViewController.m in Sources */ = {isa = PBXBuildFile; fileRef = 6C613F3C1B5ADAAD001C0F23 /* TENTestViewController.m */; };
		6C613F3F1B5ADAAD001C0F23 /* TENTestViewController.xib in Resources */ = {isa = PBXBuildFile; fileRef = 6C613F3D1B5ADAAD001C0F23 /* TENTestViewController.xib */; };
		6C613FA01B5BE776001C0F23 /* TSTImageModelDispatcher.m in Sources */ = {isa = PBXBuildFile; fileRef = 6C613F9C1B5BE776001C0F23 /* TSTImageModelDispatcher.m */; };
		6C613FA11B5BE776001C0F23 /* TSTImageModel.m in Sources */ = {isa = PBXBuildFile; fileRef = 6C613F9E1B5BE776001C0F23 /* TSTImageModel.m */; };
		6C613FA51B5BE7F2001C0F23 /* TENObservableObject.m in Sources */ = {isa = PBXBuildFile; fileRef = 6C613FA41B5BE7F2001C0F23 /* TENObservableObject.m */; };
		6C613FA81B5BE861001C0F23 /* TENMacro.m in Sources */ = {isa = PBXBuildFile; fileRef = 6C613FA71B5BE861001C0F23 /* TENMacro.m */; };
		6C613FAC1B5C0028001C0F23 /* TSTFriendView.m in Sources */ = {isa = PBXBuildFile; fileRef = 6C613FAB1B5C0028001C0F23 /* TSTFriendView.m */; };
		6C613FB31B5E6FC3001C0F23 /* TENUser.m in Sources */ = {isa = PBXBuildFile; fileRef = 6C613FB21B5E6FC3001C0F23 /* TENUser.m */; };
		6C613FBC1B5FC7E9001C0F23 /* TENLoginContext.m in Sources */ = {isa = PBXBuildFile; fileRef = 6C613FBB1B5FC7E9001C0F23 /* TENLoginContext.m */; };
		6C613FC81B5FD365001C0F23 /* TENContext.m in Sources */ = {isa = PBXBuildFile; fileRef = 6C613FC71B5FD365001C0F23 /* TENContext.m */; };
		6C613FD61B602186001C0F23 /* TENLoginViewController.m in Sources */ = {isa = PBXBuildFile; fileRef = 6C613FD41B602186001C0F23 /* TENLoginViewController.m */; };
		6C613FD71B602186001C0F23 /* TENLoginViewController.xib in Resources */ = {isa = PBXBuildFile; fileRef = 6C613FD51B602186001C0F23 /* TENLoginViewController.xib */; };
		6C613FDA1B60220F001C0F23 /* TENLoginView.m in Sources */ = {isa = PBXBuildFile; fileRef = 6C613FD91B60220F001C0F23 /* TENLoginView.m */; };
		6C613FDF1B6024D2001C0F23 /* TENFriendsViewController.m in Sources */ = {isa = PBXBuildFile; fileRef = 6C613FDD1B6024D2001C0F23 /* TENFriendsViewController.m */; };
		6C613FE01B6024D2001C0F23 /* TENFriendsViewController.xib in Resources */ = {isa = PBXBuildFile; fileRef = 6C613FDE1B6024D2001C0F23 /* TENFriendsViewController.xib */; };
		6C613FE41B602FD5001C0F23 /* TENModel.m in Sources */ = {isa = PBXBuildFile; fileRef = 6C613FE31B602FD5001C0F23 /* TENModel.m */; };
		6C613FE81B603BCE001C0F23 /* TENThread.m in Sources */ = {isa = PBXBuildFile; fileRef = 6C613FE71B603BCE001C0F23 /* TENThread.m */; };
		E9DAB54A61E2FDFFCF46A2A3 /* libPods.a in Frameworks */ = {isa = PBXBuildFile; fileRef = B09605898B49FD20C0C78A3B /* libPods.a */; };
/* End PBXBuildFile section */

/* Begin PBXContainerItemProxy section */
		6C613EF11B5AD490001C0F23 /* PBXContainerItemProxy */ = {
			isa = PBXContainerItemProxy;
			containerPortal = 6C613ECF1B5AD490001C0F23 /* Project object */;
			proxyType = 1;
			remoteGlobalIDString = 6C613ED61B5AD490001C0F23;
			remoteInfo = 444tenFB;
		};
/* End PBXContainerItemProxy section */

/* Begin PBXFileReference section */
		03BF4AE552D78A67CEBAC699 /* Pods.debug.xcconfig */ = {isa = PBXFileReference; includeInIndex = 1; lastKnownFileType = text.xcconfig; name = Pods.debug.xcconfig; path = "Pods/Target Support Files/Pods/Pods.debug.xcconfig"; sourceTree = "<group>"; };
		6C613ED71B5AD490001C0F23 /* 444tenFB.app */ = {isa = PBXFileReference; explicitFileType = wrapper.application; includeInIndex = 0; path = 444tenFB.app; sourceTree = BUILT_PRODUCTS_DIR; };
		6C613EDE1B5AD490001C0F23 /* TENAppDelegate.h */ = {isa = PBXFileReference; lastKnownFileType = sourcecode.c.h; path = TENAppDelegate.h; sourceTree = "<group>"; };
		6C613EDF1B5AD490001C0F23 /* TENAppDelegate.m */ = {isa = PBXFileReference; lastKnownFileType = sourcecode.c.objc; path = TENAppDelegate.m; sourceTree = "<group>"; };
		6C613EF01B5AD490001C0F23 /* 444tenFBTests.xctest */ = {isa = PBXFileReference; explicitFileType = wrapper.cfbundle; includeInIndex = 0; path = 444tenFBTests.xctest; sourceTree = BUILT_PRODUCTS_DIR; };
		6C613EF51B5AD490001C0F23 /* Info.plist */ = {isa = PBXFileReference; lastKnownFileType = text.plist.xml; path = Info.plist; sourceTree = "<group>"; };
		6C613F001B5AD709001C0F23 /* Info.plist */ = {isa = PBXFileReference; fileEncoding = 4; lastKnownFileType = text.plist.xml; path = Info.plist; sourceTree = "<group>"; };
		6C613F011B5AD709001C0F23 /* main.m */ = {isa = PBXFileReference; fileEncoding = 4; lastKnownFileType = sourcecode.c.objc; path = main.m; sourceTree = "<group>"; };
		6C613F061B5AD715001C0F23 /* Base */ = {isa = PBXFileReference; lastKnownFileType = file.xib; name = Base; path = Base.lproj/LaunchScreen.xib; sourceTree = "<group>"; };
		6C613F071B5AD715001C0F23 /* Images.xcassets */ = {isa = PBXFileReference; lastKnownFileType = folder.assetcatalog; path = Images.xcassets; sourceTree = "<group>"; };
		6C613F131B5AD8BB001C0F23 /* NSBundle+TENExtensions.h */ = {isa = PBXFileReference; fileEncoding = 4; lastKnownFileType = sourcecode.c.h; path = "NSBundle+TENExtensions.h"; sourceTree = "<group>"; };
		6C613F141B5AD8BB001C0F23 /* NSBundle+TENExtensions.m */ = {isa = PBXFileReference; fileEncoding = 4; lastKnownFileType = sourcecode.c.objc; path = "NSBundle+TENExtensions.m"; sourceTree = "<group>"; };
		6C613F161B5AD8BB001C0F23 /* NSFileManager+TENExtensions.h */ = {isa = PBXFileReference; fileEncoding = 4; lastKnownFileType = sourcecode.c.h; path = "NSFileManager+TENExtensions.h"; sourceTree = "<group>"; };
		6C613F171B5AD8BB001C0F23 /* NSFileManager+TENExtensions.m */ = {isa = PBXFileReference; fileEncoding = 4; lastKnownFileType = sourcecode.c.objc; path = "NSFileManager+TENExtensions.m"; sourceTree = "<group>"; };
		6C613F191B5AD8BB001C0F23 /* NSMutableArray+TENExtensions.h */ = {isa = PBXFileReference; fileEncoding = 4; lastKnownFileType = sourcecode.c.h; path = "NSMutableArray+TENExtensions.h"; sourceTree = "<group>"; };
		6C613F1A1B5AD8BB001C0F23 /* NSMutableArray+TENExtensions.m */ = {isa = PBXFileReference; fileEncoding = 4; lastKnownFileType = sourcecode.c.objc; path = "NSMutableArray+TENExtensions.m"; sourceTree = "<group>"; };
		6C613F1C1B5AD8BB001C0F23 /* NSURLSession+TENExtensions.h */ = {isa = PBXFileReference; fileEncoding = 4; lastKnownFileType = sourcecode.c.h; path = "NSURLSession+TENExtensions.h"; sourceTree = "<group>"; };
		6C613F1D1B5AD8BB001C0F23 /* NSURLSession+TENExtensions.m */ = {isa = PBXFileReference; fileEncoding = 4; lastKnownFileType = sourcecode.c.objc; path = "NSURLSession+TENExtensions.m"; sourceTree = "<group>"; };
		6C613F1F1B5AD8BB001C0F23 /* UINib+TENExtensions.h */ = {isa = PBXFileReference; fileEncoding = 4; lastKnownFileType = sourcecode.c.h; path = "UINib+TENExtensions.h"; sourceTree = "<group>"; };
		6C613F201B5AD8BB001C0F23 /* UINib+TENExtensions.m */ = {isa = PBXFileReference; fileEncoding = 4; lastKnownFileType = sourcecode.c.objc; path = "UINib+TENExtensions.m"; sourceTree = "<group>"; };
		6C613F221B5AD8BB001C0F23 /* UITableView+TENExtensions.h */ = {isa = PBXFileReference; fileEncoding = 4; lastKnownFileType = sourcecode.c.h; path = "UITableView+TENExtensions.h"; sourceTree = "<group>"; };
		6C613F231B5AD8BB001C0F23 /* UITableView+TENExtensions.m */ = {isa = PBXFileReference; fileEncoding = 4; lastKnownFileType = sourcecode.c.objc; path = "UITableView+TENExtensions.m"; sourceTree = "<group>"; };
		6C613F251B5AD8BB001C0F23 /* UIView+TENExtensions.h */ = {isa = PBXFileReference; fileEncoding = 4; lastKnownFileType = sourcecode.c.h; path = "UIView+TENExtensions.h"; sourceTree = "<group>"; };
		6C613F261B5AD8BB001C0F23 /* UIView+TENExtensions.m */ = {isa = PBXFileReference; fileEncoding = 4; lastKnownFileType = sourcecode.c.objc; path = "UIView+TENExtensions.m"; sourceTree = "<group>"; };
		6C613F281B5AD8BB001C0F23 /* UIViewController+TENExtensions.h */ = {isa = PBXFileReference; fileEncoding = 4; lastKnownFileType = sourcecode.c.h; path = "UIViewController+TENExtensions.h"; sourceTree = "<group>"; };
		6C613F291B5AD8BB001C0F23 /* UIViewController+TENExtensions.m */ = {isa = PBXFileReference; fileEncoding = 4; lastKnownFileType = sourcecode.c.objc; path = "UIViewController+TENExtensions.m"; sourceTree = "<group>"; };
		6C613F2B1B5AD8BB001C0F23 /* UIWindow+TENExtensions.h */ = {isa = PBXFileReference; fileEncoding = 4; lastKnownFileType = sourcecode.c.h; path = "UIWindow+TENExtensions.h"; sourceTree = "<group>"; };
		6C613F2C1B5AD8BB001C0F23 /* UIWindow+TENExtensions.m */ = {isa = PBXFileReference; fileEncoding = 4; lastKnownFileType = sourcecode.c.objc; path = "UIWindow+TENExtensions.m"; sourceTree = "<group>"; };
		6C613F371B5AD93E001C0F23 /* TENChangedPath.h */ = {isa = PBXFileReference; fileEncoding = 4; lastKnownFileType = sourcecode.c.h; path = TENChangedPath.h; sourceTree = "<group>"; };
		6C613F381B5AD93E001C0F23 /* TENChangedPath.m */ = {isa = PBXFileReference; fileEncoding = 4; lastKnownFileType = sourcecode.c.objc; path = TENChangedPath.m; sourceTree = "<group>"; };
		6C613F3B1B5ADAAD001C0F23 /* TENTestViewController.h */ = {isa = PBXFileReference; fileEncoding = 4; lastKnownFileType = sourcecode.c.h; path = TENTestViewController.h; sourceTree = "<group>"; };
		6C613F3C1B5ADAAD001C0F23 /* TENTestViewController.m */ = {isa = PBXFileReference; fileEncoding = 4; lastKnownFileType = sourcecode.c.objc; path = TENTestViewController.m; sourceTree = "<group>"; };
		6C613F3D1B5ADAAD001C0F23 /* TENTestViewController.xib */ = {isa = PBXFileReference; fileEncoding = 4; lastKnownFileType = file.xib; path = TENTestViewController.xib; sourceTree = "<group>"; };
		6C613F9B1B5BE776001C0F23 /* TSTImageModelDispatcher.h */ = {isa = PBXFileReference; fileEncoding = 4; lastKnownFileType = sourcecode.c.h; path = TSTImageModelDispatcher.h; sourceTree = "<group>"; };
		6C613F9C1B5BE776001C0F23 /* TSTImageModelDispatcher.m */ = {isa = PBXFileReference; fileEncoding = 4; lastKnownFileType = sourcecode.c.objc; path = TSTImageModelDispatcher.m; sourceTree = "<group>"; };
		6C613F9D1B5BE776001C0F23 /* TSTImageModel.h */ = {isa = PBXFileReference; fileEncoding = 4; lastKnownFileType = sourcecode.c.h; path = TSTImageModel.h; sourceTree = "<group>"; };
		6C613F9E1B5BE776001C0F23 /* TSTImageModel.m */ = {isa = PBXFileReference; fileEncoding = 4; lastKnownFileType = sourcecode.c.objc; path = TSTImageModel.m; sourceTree = "<group>"; };
		6C613FA31B5BE7F2001C0F23 /* TENObservableObject.h */ = {isa = PBXFileReference; fileEncoding = 4; lastKnownFileType = sourcecode.c.h; path = TENObservableObject.h; sourceTree = "<group>"; };
		6C613FA41B5BE7F2001C0F23 /* TENObservableObject.m */ = {isa = PBXFileReference; fileEncoding = 4; lastKnownFileType = sourcecode.c.objc; path = TENObservableObject.m; sourceTree = "<group>"; };
		6C613FA61B5BE861001C0F23 /* TENMacro.h */ = {isa = PBXFileReference; fileEncoding = 4; lastKnownFileType = sourcecode.c.h; path = TENMacro.h; sourceTree = "<group>"; };
		6C613FA71B5BE861001C0F23 /* TENMacro.m */ = {isa = PBXFileReference; fileEncoding = 4; lastKnownFileType = sourcecode.c.objc; path = TENMacro.m; sourceTree = "<group>"; };
		6C613FAA1B5C0028001C0F23 /* TSTFriendView.h */ = {isa = PBXFileReference; fileEncoding = 4; lastKnownFileType = sourcecode.c.h; path = TSTFriendView.h; sourceTree = "<group>"; };
		6C613FAB1B5C0028001C0F23 /* TSTFriendView.m */ = {isa = PBXFileReference; fileEncoding = 4; lastKnownFileType = sourcecode.c.objc; path = TSTFriendView.m; sourceTree = "<group>"; };
		6C613FB11B5E6FC3001C0F23 /* TENUser.h */ = {isa = PBXFileReference; fileEncoding = 4; lastKnownFileType = sourcecode.c.h; path = TENUser.h; sourceTree = "<group>"; };
		6C613FB21B5E6FC3001C0F23 /* TENUser.m */ = {isa = PBXFileReference; fileEncoding = 4; lastKnownFileType = sourcecode.c.objc; path = TENUser.m; sourceTree = "<group>"; };
		6C613FBA1B5FC7E9001C0F23 /* TENLoginContext.h */ = {isa = PBXFileReference; fileEncoding = 4; lastKnownFileType = sourcecode.c.h; path = TENLoginContext.h; sourceTree = "<group>"; };
		6C613FBB1B5FC7E9001C0F23 /* TENLoginContext.m */ = {isa = PBXFileReference; fileEncoding = 4; lastKnownFileType = sourcecode.c.objc; path = TENLoginContext.m; sourceTree = "<group>"; };
		6C613FC61B5FD365001C0F23 /* TENContext.h */ = {isa = PBXFileReference; fileEncoding = 4; lastKnownFileType = sourcecode.c.h; path = TENContext.h; sourceTree = "<group>"; };
		6C613FC71B5FD365001C0F23 /* TENContext.m */ = {isa = PBXFileReference; fileEncoding = 4; lastKnownFileType = sourcecode.c.objc; path = TENContext.m; sourceTree = "<group>"; };
		6C613FD31B602186001C0F23 /* TENLoginViewController.h */ = {isa = PBXFileReference; fileEncoding = 4; lastKnownFileType = sourcecode.c.h; path = TENLoginViewController.h; sourceTree = "<group>"; };
		6C613FD41B602186001C0F23 /* TENLoginViewController.m */ = {isa = PBXFileReference; fileEncoding = 4; lastKnownFileType = sourcecode.c.objc; path = TENLoginViewController.m; sourceTree = "<group>"; };
		6C613FD51B602186001C0F23 /* TENLoginViewController.xib */ = {isa = PBXFileReference; fileEncoding = 4; lastKnownFileType = file.xib; path = TENLoginViewController.xib; sourceTree = "<group>"; };
		6C613FD81B60220F001C0F23 /* TENLoginView.h */ = {isa = PBXFileReference; fileEncoding = 4; lastKnownFileType = sourcecode.c.h; path = TENLoginView.h; sourceTree = "<group>"; };
		6C613FD91B60220F001C0F23 /* TENLoginView.m */ = {isa = PBXFileReference; fileEncoding = 4; lastKnownFileType = sourcecode.c.objc; path = TENLoginView.m; sourceTree = "<group>"; };
		6C613FDC1B6024D2001C0F23 /* TENFriendsViewController.h */ = {isa = PBXFileReference; fileEncoding = 4; lastKnownFileType = sourcecode.c.h; path = TENFriendsViewController.h; sourceTree = "<group>"; };
		6C613FDD1B6024D2001C0F23 /* TENFriendsViewController.m */ = {isa = PBXFileReference; fileEncoding = 4; lastKnownFileType = sourcecode.c.objc; path = TENFriendsViewController.m; sourceTree = "<group>"; };
		6C613FDE1B6024D2001C0F23 /* TENFriendsViewController.xib */ = {isa = PBXFileReference; fileEncoding = 4; lastKnownFileType = file.xib; path = TENFriendsViewController.xib; sourceTree = "<group>"; };
		6C613FE21B602FD5001C0F23 /* TENModel.h */ = {isa = PBXFileReference; fileEncoding = 4; lastKnownFileType = sourcecode.c.h; path = TENModel.h; sourceTree = "<group>"; };
		6C613FE31B602FD5001C0F23 /* TENModel.m */ = {isa = PBXFileReference; fileEncoding = 4; lastKnownFileType = sourcecode.c.objc; path = TENModel.m; sourceTree = "<group>"; };
		6C613FE61B603BCE001C0F23 /* TENThread.h */ = {isa = PBXFileReference; fileEncoding = 4; lastKnownFileType = sourcecode.c.h; path = TENThread.h; sourceTree = "<group>"; };
		6C613FE71B603BCE001C0F23 /* TENThread.m */ = {isa = PBXFileReference; fileEncoding = 4; lastKnownFileType = sourcecode.c.objc; path = TENThread.m; sourceTree = "<group>"; };
		99F80E15D91D3AFD99A641FA /* Pods.release.xcconfig */ = {isa = PBXFileReference; includeInIndex = 1; lastKnownFileType = text.xcconfig; name = Pods.release.xcconfig; path = "Pods/Target Support Files/Pods/Pods.release.xcconfig"; sourceTree = "<group>"; };
		B09605898B49FD20C0C78A3B /* libPods.a */ = {isa = PBXFileReference; explicitFileType = archive.ar; includeInIndex = 0; path = libPods.a; sourceTree = BUILT_PRODUCTS_DIR; };
/* End PBXFileReference section */

/* Begin PBXFrameworksBuildPhase section */
		6C613ED41B5AD490001C0F23 /* Frameworks */ = {
			isa = PBXFrameworksBuildPhase;
			buildActionMask = 2147483647;
			files = (
				E9DAB54A61E2FDFFCF46A2A3 /* libPods.a in Frameworks */,
			);
			runOnlyForDeploymentPostprocessing = 0;
		};
		6C613EED1B5AD490001C0F23 /* Frameworks */ = {
			isa = PBXFrameworksBuildPhase;
			buildActionMask = 2147483647;
			files = (
			);
			runOnlyForDeploymentPostprocessing = 0;
		};
/* End PBXFrameworksBuildPhase section */

/* Begin PBXGroup section */
		6C613ECE1B5AD490001C0F23 = {
			isa = PBXGroup;
			children = (
				6C613F0A1B5AD79F001C0F23 /* Source */,
				6C613F041B5AD715001C0F23 /* Resources */,
				6C613ED91B5AD490001C0F23 /* 444tenFB */,
				6C613EF31B5AD490001C0F23 /* 444tenFBTests */,
				6C613ED81B5AD490001C0F23 /* Products */,
				6C613F971B5BE776001C0F23 /* TST */,
				B3FDAE5010273AB229F41B35 /* Pods */,
				8CBA02FE8C497FE6CED50C45 /* Frameworks */,
			);
			sourceTree = "<group>";
		};
		6C613ED81B5AD490001C0F23 /* Products */ = {
			isa = PBXGroup;
			children = (
				6C613ED71B5AD490001C0F23 /* 444tenFB.app */,
				6C613EF01B5AD490001C0F23 /* 444tenFBTests.xctest */,
			);
			name = Products;
			sourceTree = "<group>";
		};
		6C613ED91B5AD490001C0F23 /* 444tenFB */ = {
			isa = PBXGroup;
			children = (
				6C613EDE1B5AD490001C0F23 /* TENAppDelegate.h */,
				6C613EDF1B5AD490001C0F23 /* TENAppDelegate.m */,
				6C613F001B5AD709001C0F23 /* Info.plist */,
				6C613F011B5AD709001C0F23 /* main.m */,
			);
			path = 444tenFB;
			sourceTree = "<group>";
		};
		6C613EF31B5AD490001C0F23 /* 444tenFBTests */ = {
			isa = PBXGroup;
			children = (
				6C613EF41B5AD490001C0F23 /* Supporting Files */,
			);
			path = 444tenFBTests;
			sourceTree = "<group>";
		};
		6C613EF41B5AD490001C0F23 /* Supporting Files */ = {
			isa = PBXGroup;
			children = (
				6C613EF51B5AD490001C0F23 /* Info.plist */,
			);
			name = "Supporting Files";
			sourceTree = "<group>";
		};
		6C613F041B5AD715001C0F23 /* Resources */ = {
			isa = PBXGroup;
			children = (
				6C613F051B5AD715001C0F23 /* LaunchScreen.xib */,
				6C613F071B5AD715001C0F23 /* Images.xcassets */,
			);
			path = Resources;
			sourceTree = "<group>";
		};
		6C613F0A1B5AD79F001C0F23 /* Source */ = {
			isa = PBXGroup;
			children = (
				6C613FB81B5FC7E9001C0F23 /* Contexts */,
				6C613F0B1B5AD79F001C0F23 /* Library */,
				6C613F0C1B5AD79F001C0F23 /* Models */,
				6C613F0D1B5AD79F001C0F23 /* UI */,
			);
			path = Source;
			sourceTree = "<group>";
		};
		6C613F0B1B5AD79F001C0F23 /* Library */ = {
			isa = PBXGroup;
			children = (
				6C613F101B5AD89D001C0F23 /* Categories */,
				6C613F111B5AD89D001C0F23 /* Classes */,
				6C613FA61B5BE861001C0F23 /* TENMacro.h */,
				6C613FA71B5BE861001C0F23 /* TENMacro.m */,
			);
			path = Library;
			sourceTree = "<group>";
		};
		6C613F0C1B5AD79F001C0F23 /* Models */ = {
			isa = PBXGroup;
			children = (
				6C613FE11B602FBD001C0F23 /* TENModel */,
				6C613FB01B5E6FAC001C0F23 /* TENUser */,
			);
			path = Models;
			sourceTree = "<group>";
		};
		6C613F0D1B5AD79F001C0F23 /* UI */ = {
			isa = PBXGroup;
			children = (
				6C613FDB1B6024BF001C0F23 /* TENFriendsViewController */,
				6C613FD21B60216E001C0F23 /* TENLoginViewController */,
				6C613F3A1B5ADAAD001C0F23 /* TENTestViewController */,
			);
			path = UI;
			sourceTree = "<group>";
		};
		6C613F101B5AD89D001C0F23 /* Categories */ = {
			isa = PBXGroup;
			children = (
				6C613F121B5AD8BB001C0F23 /* NSBundle+TENExtensions */,
				6C613F151B5AD8BB001C0F23 /* NSFileManager+TENExtensions */,
				6C613F181B5AD8BB001C0F23 /* NSMutableArray+TENExtensions */,
				6C613F1B1B5AD8BB001C0F23 /* NSURLSession+TENExtensions */,
				6C613F1E1B5AD8BB001C0F23 /* UINib+TENExtensions */,
				6C613F211B5AD8BB001C0F23 /* UITableView+TENExtensions */,
				6C613F241B5AD8BB001C0F23 /* UIView+TENExtensions */,
				6C613F271B5AD8BB001C0F23 /* UIViewController+TENExtensions */,
				6C613F2A1B5AD8BB001C0F23 /* UIWindow+TENExtensions */,
			);
			path = Categories;
			sourceTree = "<group>";
		};
		6C613F111B5AD89D001C0F23 /* Classes */ = {
			isa = PBXGroup;
			children = (
				6C613FE51B603BCE001C0F23 /* TENThread */,
				6C613F361B5AD93E001C0F23 /* TENChangedPath */,
				6C613FA21B5BE7F2001C0F23 /* TENObservableObject */,
			);
			path = Classes;
			sourceTree = "<group>";
		};
		6C613F121B5AD8BB001C0F23 /* NSBundle+TENExtensions */ = {
			isa = PBXGroup;
			children = (
				6C613F131B5AD8BB001C0F23 /* NSBundle+TENExtensions.h */,
				6C613F141B5AD8BB001C0F23 /* NSBundle+TENExtensions.m */,
			);
			path = "NSBundle+TENExtensions";
			sourceTree = "<group>";
		};
		6C613F151B5AD8BB001C0F23 /* NSFileManager+TENExtensions */ = {
			isa = PBXGroup;
			children = (
				6C613F161B5AD8BB001C0F23 /* NSFileManager+TENExtensions.h */,
				6C613F171B5AD8BB001C0F23 /* NSFileManager+TENExtensions.m */,
			);
			path = "NSFileManager+TENExtensions";
			sourceTree = "<group>";
		};
		6C613F181B5AD8BB001C0F23 /* NSMutableArray+TENExtensions */ = {
			isa = PBXGroup;
			children = (
				6C613F191B5AD8BB001C0F23 /* NSMutableArray+TENExtensions.h */,
				6C613F1A1B5AD8BB001C0F23 /* NSMutableArray+TENExtensions.m */,
			);
			path = "NSMutableArray+TENExtensions";
			sourceTree = "<group>";
		};
		6C613F1B1B5AD8BB001C0F23 /* NSURLSession+TENExtensions */ = {
			isa = PBXGroup;
			children = (
				6C613F1C1B5AD8BB001C0F23 /* NSURLSession+TENExtensions.h */,
				6C613F1D1B5AD8BB001C0F23 /* NSURLSession+TENExtensions.m */,
			);
			path = "NSURLSession+TENExtensions";
			sourceTree = "<group>";
		};
		6C613F1E1B5AD8BB001C0F23 /* UINib+TENExtensions */ = {
			isa = PBXGroup;
			children = (
				6C613F1F1B5AD8BB001C0F23 /* UINib+TENExtensions.h */,
				6C613F201B5AD8BB001C0F23 /* UINib+TENExtensions.m */,
			);
			path = "UINib+TENExtensions";
			sourceTree = "<group>";
		};
		6C613F211B5AD8BB001C0F23 /* UITableView+TENExtensions */ = {
			isa = PBXGroup;
			children = (
				6C613F221B5AD8BB001C0F23 /* UITableView+TENExtensions.h */,
				6C613F231B5AD8BB001C0F23 /* UITableView+TENExtensions.m */,
			);
			path = "UITableView+TENExtensions";
			sourceTree = "<group>";
		};
		6C613F241B5AD8BB001C0F23 /* UIView+TENExtensions */ = {
			isa = PBXGroup;
			children = (
				6C613F251B5AD8BB001C0F23 /* UIView+TENExtensions.h */,
				6C613F261B5AD8BB001C0F23 /* UIView+TENExtensions.m */,
			);
			path = "UIView+TENExtensions";
			sourceTree = "<group>";
		};
		6C613F271B5AD8BB001C0F23 /* UIViewController+TENExtensions */ = {
			isa = PBXGroup;
			children = (
				6C613F281B5AD8BB001C0F23 /* UIViewController+TENExtensions.h */,
				6C613F291B5AD8BB001C0F23 /* UIViewController+TENExtensions.m */,
			);
			path = "UIViewController+TENExtensions";
			sourceTree = "<group>";
		};
		6C613F2A1B5AD8BB001C0F23 /* UIWindow+TENExtensions */ = {
			isa = PBXGroup;
			children = (
				6C613F2B1B5AD8BB001C0F23 /* UIWindow+TENExtensions.h */,
				6C613F2C1B5AD8BB001C0F23 /* UIWindow+TENExtensions.m */,
			);
			path = "UIWindow+TENExtensions";
			sourceTree = "<group>";
		};
		6C613F361B5AD93E001C0F23 /* TENChangedPath */ = {
			isa = PBXGroup;
			children = (
				6C613F371B5AD93E001C0F23 /* TENChangedPath.h */,
				6C613F381B5AD93E001C0F23 /* TENChangedPath.m */,
			);
			path = TENChangedPath;
			sourceTree = "<group>";
		};
		6C613F3A1B5ADAAD001C0F23 /* TENTestViewController */ = {
			isa = PBXGroup;
			children = (
				6C613F3B1B5ADAAD001C0F23 /* TENTestViewController.h */,
				6C613F3C1B5ADAAD001C0F23 /* TENTestViewController.m */,
				6C613F3D1B5ADAAD001C0F23 /* TENTestViewController.xib */,
			);
			path = TENTestViewController;
			sourceTree = "<group>";
		};
		6C613F971B5BE776001C0F23 /* TST */ = {
			isa = PBXGroup;
			children = (
				6C613F981B5BE776001C0F23 /* Models */,
				6C613F9F1B5BE776001C0F23 /* UI */,
			);
			path = TST;
			sourceTree = "<group>";
		};
		6C613F981B5BE776001C0F23 /* Models */ = {
			isa = PBXGroup;
			children = (
				6C613F991B5BE776001C0F23 /* TSTImageModel */,
			);
			path = Models;
			sourceTree = "<group>";
		};
		6C613F991B5BE776001C0F23 /* TSTImageModel */ = {
			isa = PBXGroup;
			children = (
				6C613F9A1B5BE776001C0F23 /* Private */,
				6C613F9D1B5BE776001C0F23 /* TSTImageModel.h */,
				6C613F9E1B5BE776001C0F23 /* TSTImageModel.m */,
			);
			path = TSTImageModel;
			sourceTree = "<group>";
		};
		6C613F9A1B5BE776001C0F23 /* Private */ = {
			isa = PBXGroup;
			children = (
				6C613F9B1B5BE776001C0F23 /* TSTImageModelDispatcher.h */,
				6C613F9C1B5BE776001C0F23 /* TSTImageModelDispatcher.m */,
			);
			path = Private;
			sourceTree = "<group>";
		};
		6C613F9F1B5BE776001C0F23 /* UI */ = {
			isa = PBXGroup;
			children = (
				6C613FA91B5C0017001C0F23 /* TSTFriendView */,
			);
			path = UI;
			sourceTree = "<group>";
		};
		6C613FA21B5BE7F2001C0F23 /* TENObservableObject */ = {
			isa = PBXGroup;
			children = (
				6C613FA31B5BE7F2001C0F23 /* TENObservableObject.h */,
				6C613FA41B5BE7F2001C0F23 /* TENObservableObject.m */,
			);
			path = TENObservableObject;
			sourceTree = "<group>";
		};
		6C613FA91B5C0017001C0F23 /* TSTFriendView */ = {
			isa = PBXGroup;
			children = (
				6C613FAA1B5C0028001C0F23 /* TSTFriendView.h */,
				6C613FAB1B5C0028001C0F23 /* TSTFriendView.m */,
			);
			path = TSTFriendView;
			sourceTree = "<group>";
		};
		6C613FB01B5E6FAC001C0F23 /* TENUser */ = {
			isa = PBXGroup;
			children = (
				6C613FB11B5E6FC3001C0F23 /* TENUser.h */,
				6C613FB21B5E6FC3001C0F23 /* TENUser.m */,
			);
			path = TENUser;
			sourceTree = "<group>";
		};
		6C613FB81B5FC7E9001C0F23 /* Contexts */ = {
			isa = PBXGroup;
			children = (
				6C613FC51B5FD34E001C0F23 /* TENContext */,
				6C613FB91B5FC7E9001C0F23 /* TENLoginContext */,
			);
			path = Contexts;
			sourceTree = "<group>";
		};
		6C613FB91B5FC7E9001C0F23 /* TENLoginContext */ = {
			isa = PBXGroup;
			children = (
				6C613FBA1B5FC7E9001C0F23 /* TENLoginContext.h */,
				6C613FBB1B5FC7E9001C0F23 /* TENLoginContext.m */,
			);
			path = TENLoginContext;
			sourceTree = "<group>";
		};
		6C613FC51B5FD34E001C0F23 /* TENContext */ = {
			isa = PBXGroup;
			children = (
				6C613FC61B5FD365001C0F23 /* TENContext.h */,
				6C613FC71B5FD365001C0F23 /* TENContext.m */,
			);
			path = TENContext;
			sourceTree = "<group>";
		};
		6C613FD21B60216E001C0F23 /* TENLoginViewController */ = {
			isa = PBXGroup;
			children = (
				6C613FD31B602186001C0F23 /* TENLoginViewController.h */,
				6C613FD41B602186001C0F23 /* TENLoginViewController.m */,
				6C613FD51B602186001C0F23 /* TENLoginViewController.xib */,
				6C613FD81B60220F001C0F23 /* TENLoginView.h */,
				6C613FD91B60220F001C0F23 /* TENLoginView.m */,
			);
			path = TENLoginViewController;
			sourceTree = "<group>";
		};
		6C613FDB1B6024BF001C0F23 /* TENFriendsViewController */ = {
			isa = PBXGroup;
			children = (
				6C613FDC1B6024D2001C0F23 /* TENFriendsViewController.h */,
				6C613FDD1B6024D2001C0F23 /* TENFriendsViewController.m */,
				6C613FDE1B6024D2001C0F23 /* TENFriendsViewController.xib */,
			);
			path = TENFriendsViewController;
			sourceTree = "<group>";
		};
		6C613FE11B602FBD001C0F23 /* TENModel */ = {
			isa = PBXGroup;
			children = (
				6C613FE21B602FD5001C0F23 /* TENModel.h */,
				6C613FE31B602FD5001C0F23 /* TENModel.m */,
			);
			path = TENModel;
			sourceTree = "<group>";
		};
		6C613FE51B603BCE001C0F23 /* TENThread */ = {
			isa = PBXGroup;
			children = (
				6C613FE61B603BCE001C0F23 /* TENThread.h */,
				6C613FE71B603BCE001C0F23 /* TENThread.m */,
			);
			path = TENThread;
			sourceTree = "<group>";
		};
		8CBA02FE8C497FE6CED50C45 /* Frameworks */ = {
			isa = PBXGroup;
			children = (
				B09605898B49FD20C0C78A3B /* libPods.a */,
			);
			name = Frameworks;
			sourceTree = "<group>";
		};
		B3FDAE5010273AB229F41B35 /* Pods */ = {
			isa = PBXGroup;
			children = (
				03BF4AE552D78A67CEBAC699 /* Pods.debug.xcconfig */,
				99F80E15D91D3AFD99A641FA /* Pods.release.xcconfig */,
			);
			name = Pods;
			sourceTree = "<group>";
		};
/* End PBXGroup section */

/* Begin PBXNativeTarget section */
		6C613ED61B5AD490001C0F23 /* 444tenFB */ = {
			isa = PBXNativeTarget;
			buildConfigurationList = 6C613EFA1B5AD490001C0F23 /* Build configuration list for PBXNativeTarget "444tenFB" */;
			buildPhases = (
				BC59523F12192F0166DE8F62 /* Check Pods Manifest.lock */,
				6C613ED31B5AD490001C0F23 /* Sources */,
				6C613ED41B5AD490001C0F23 /* Frameworks */,
				6C613ED51B5AD490001C0F23 /* Resources */,
				AABB069E49DEC79C15F51789 /* Copy Pods Resources */,
			);
			buildRules = (
			);
			dependencies = (
			);
			name = 444tenFB;
			productName = 444tenFB;
			productReference = 6C613ED71B5AD490001C0F23 /* 444tenFB.app */;
			productType = "com.apple.product-type.application";
		};
		6C613EEF1B5AD490001C0F23 /* 444tenFBTests */ = {
			isa = PBXNativeTarget;
			buildConfigurationList = 6C613EFD1B5AD490001C0F23 /* Build configuration list for PBXNativeTarget "444tenFBTests" */;
			buildPhases = (
				6C613EEC1B5AD490001C0F23 /* Sources */,
				6C613EED1B5AD490001C0F23 /* Frameworks */,
				6C613EEE1B5AD490001C0F23 /* Resources */,
			);
			buildRules = (
			);
			dependencies = (
				6C613EF21B5AD490001C0F23 /* PBXTargetDependency */,
			);
			name = 444tenFBTests;
			productName = 444tenFBTests;
			productReference = 6C613EF01B5AD490001C0F23 /* 444tenFBTests.xctest */;
			productType = "com.apple.product-type.bundle.unit-test";
		};
/* End PBXNativeTarget section */

/* Begin PBXProject section */
		6C613ECF1B5AD490001C0F23 /* Project object */ = {
			isa = PBXProject;
			attributes = {
				LastUpgradeCheck = 0640;
				ORGANIZATIONNAME = 444ten;
				TargetAttributes = {
					6C613ED61B5AD490001C0F23 = {
						CreatedOnToolsVersion = 6.4;
						SystemCapabilities = {
							com.apple.Maps.iOS = {
								enabled = 0;
							};
						};
					};
					6C613EEF1B5AD490001C0F23 = {
						CreatedOnToolsVersion = 6.4;
						TestTargetID = 6C613ED61B5AD490001C0F23;
					};
				};
			};
			buildConfigurationList = 6C613ED21B5AD490001C0F23 /* Build configuration list for PBXProject "444tenFB" */;
			compatibilityVersion = "Xcode 3.2";
			developmentRegion = English;
			hasScannedForEncodings = 0;
			knownRegions = (
				en,
				Base,
			);
			mainGroup = 6C613ECE1B5AD490001C0F23;
			productRefGroup = 6C613ED81B5AD490001C0F23 /* Products */;
			projectDirPath = "";
			projectRoot = "";
			targets = (
				6C613ED61B5AD490001C0F23 /* 444tenFB */,
				6C613EEF1B5AD490001C0F23 /* 444tenFBTests */,
			);
		};
/* End PBXProject section */

/* Begin PBXResourcesBuildPhase section */
		6C613ED51B5AD490001C0F23 /* Resources */ = {
			isa = PBXResourcesBuildPhase;
			buildActionMask = 2147483647;
			files = (
				6C613FE01B6024D2001C0F23 /* TENFriendsViewController.xib in Resources */,
				6C613F3F1B5ADAAD001C0F23 /* TENTestViewController.xib in Resources */,
				6C613F091B5AD715001C0F23 /* Images.xcassets in Resources */,
				6C613FD71B602186001C0F23 /* TENLoginViewController.xib in Resources */,
				6C613F081B5AD715001C0F23 /* LaunchScreen.xib in Resources */,
			);
			runOnlyForDeploymentPostprocessing = 0;
		};
		6C613EEE1B5AD490001C0F23 /* Resources */ = {
			isa = PBXResourcesBuildPhase;
			buildActionMask = 2147483647;
			files = (
			);
			runOnlyForDeploymentPostprocessing = 0;
		};
/* End PBXResourcesBuildPhase section */

/* Begin PBXShellScriptBuildPhase section */
		AABB069E49DEC79C15F51789 /* Copy Pods Resources */ = {
			isa = PBXShellScriptBuildPhase;
			buildActionMask = 2147483647;
			files = (
			);
			inputPaths = (
			);
			name = "Copy Pods Resources";
			outputPaths = (
			);
			runOnlyForDeploymentPostprocessing = 0;
			shellPath = /bin/sh;
			shellScript = "\"${SRCROOT}/Pods/Target Support Files/Pods/Pods-resources.sh\"\n";
			showEnvVarsInLog = 0;
		};
		BC59523F12192F0166DE8F62 /* Check Pods Manifest.lock */ = {
			isa = PBXShellScriptBuildPhase;
			buildActionMask = 2147483647;
			files = (
			);
			inputPaths = (
			);
			name = "Check Pods Manifest.lock";
			outputPaths = (
			);
			runOnlyForDeploymentPostprocessing = 0;
			shellPath = /bin/sh;
			shellScript = "diff \"${PODS_ROOT}/../Podfile.lock\" \"${PODS_ROOT}/Manifest.lock\" > /dev/null\nif [[ $? != 0 ]] ; then\n    cat << EOM\nerror: The sandbox is not in sync with the Podfile.lock. Run 'pod install' or update your CocoaPods installation.\nEOM\n    exit 1\nfi\n";
			showEnvVarsInLog = 0;
		};
/* End PBXShellScriptBuildPhase section */

/* Begin PBXSourcesBuildPhase section */
		6C613ED31B5AD490001C0F23 /* Sources */ = {
			isa = PBXSourcesBuildPhase;
			buildActionMask = 2147483647;
			files = (
				6C613F2F1B5AD8BB001C0F23 /* NSMutableArray+TENExtensions.m in Sources */,
				6C613F321B5AD8BB001C0F23 /* UITableView+TENExtensions.m in Sources */,
				6C613FD61B602186001C0F23 /* TENLoginViewController.m in Sources */,
				6C613F341B5AD8BB001C0F23 /* UIViewController+TENExtensions.m in Sources */,
				6C613FDA1B60220F001C0F23 /* TENLoginView.m in Sources */,
				6C613FA51B5BE7F2001C0F23 /* TENObservableObject.m in Sources */,
				6C613FA81B5BE861001C0F23 /* TENMacro.m in Sources */,
				6C613FE81B603BCE001C0F23 /* TENThread.m in Sources */,
				6C613FBC1B5FC7E9001C0F23 /* TENLoginContext.m in Sources */,
				6C613F3E1B5ADAAD001C0F23 /* TENTestViewController.m in Sources */,
				6C613F2D1B5AD8BB001C0F23 /* NSBundle+TENExtensions.m in Sources */,
				6C613F031B5AD709001C0F23 /* main.m in Sources */,
				6C613F391B5AD93E001C0F23 /* TENChangedPath.m in Sources */,
				6C613FB31B5E6FC3001C0F23 /* TENUser.m in Sources */,
				6C613FE41B602FD5001C0F23 /* TENModel.m in Sources */,
				6C613F351B5AD8BB001C0F23 /* UIWindow+TENExtensions.m in Sources */,
				6C613F2E1B5AD8BB001C0F23 /* NSFileManager+TENExtensions.m in Sources */,
				6C613FC81B5FD365001C0F23 /* TENContext.m in Sources */,
				6C613FA01B5BE776001C0F23 /* TSTImageModelDispatcher.m in Sources */,
				6C613FA11B5BE776001C0F23 /* TSTImageModel.m in Sources */,
				6C613F331B5AD8BB001C0F23 /* UIView+TENExtensions.m in Sources */,
				6C613FAC1B5C0028001C0F23 /* TSTFriendView.m in Sources */,
				6C613EE01B5AD490001C0F23 /* TENAppDelegate.m in Sources */,
				6C613F301B5AD8BB001C0F23 /* NSURLSession+TENExtensions.m in Sources */,
				6C613FDF1B6024D2001C0F23 /* TENFriendsViewController.m in Sources */,
				6C613F311B5AD8BB001C0F23 /* UINib+TENExtensions.m in Sources */,
			);
			runOnlyForDeploymentPostprocessing = 0;
		};
		6C613EEC1B5AD490001C0F23 /* Sources */ = {
			isa = PBXSourcesBuildPhase;
			buildActionMask = 2147483647;
			files = (
			);
			runOnlyForDeploymentPostprocessing = 0;
		};
/* End PBXSourcesBuildPhase section */

/* Begin PBXTargetDependency section */
		6C613EF21B5AD490001C0F23 /* PBXTargetDependency */ = {
			isa = PBXTargetDependency;
			target = 6C613ED61B5AD490001C0F23 /* 444tenFB */;
			targetProxy = 6C613EF11B5AD490001C0F23 /* PBXContainerItemProxy */;
		};
/* End PBXTargetDependency section */

/* Begin PBXVariantGroup section */
		6C613F051B5AD715001C0F23 /* LaunchScreen.xib */ = {
			isa = PBXVariantGroup;
			children = (
				6C613F061B5AD715001C0F23 /* Base */,
			);
			name = LaunchScreen.xib;
			sourceTree = "<group>";
		};
/* End PBXVariantGroup section */

/* Begin XCBuildConfiguration section */
		6C613EF81B5AD490001C0F23 /* Debug */ = {
			isa = XCBuildConfiguration;
			buildSettings = {
				ALWAYS_SEARCH_USER_PATHS = NO;
				CLANG_CXX_LANGUAGE_STANDARD = "gnu++0x";
				CLANG_CXX_LIBRARY = "libc++";
				CLANG_ENABLE_MODULES = YES;
				CLANG_ENABLE_OBJC_ARC = YES;
				CLANG_WARN_BOOL_CONVERSION = YES;
				CLANG_WARN_CONSTANT_CONVERSION = YES;
				CLANG_WARN_DIRECT_OBJC_ISA_USAGE = YES_ERROR;
				CLANG_WARN_EMPTY_BODY = YES;
				CLANG_WARN_ENUM_CONVERSION = YES;
				CLANG_WARN_INT_CONVERSION = YES;
				CLANG_WARN_OBJC_ROOT_CLASS = YES_ERROR;
				CLANG_WARN_UNREACHABLE_CODE = YES;
				CLANG_WARN__DUPLICATE_METHOD_MATCH = YES;
				"CODE_SIGN_IDENTITY[sdk=iphoneos*]" = "iPhone Developer";
				COPY_PHASE_STRIP = NO;
				DEBUG_INFORMATION_FORMAT = "dwarf-with-dsym";
				ENABLE_STRICT_OBJC_MSGSEND = YES;
				GCC_C_LANGUAGE_STANDARD = gnu99;
				GCC_DYNAMIC_NO_PIC = NO;
				GCC_NO_COMMON_BLOCKS = YES;
				GCC_OPTIMIZATION_LEVEL = 0;
				GCC_PREPROCESSOR_DEFINITIONS = (
					"DEBUG=1",
					"$(inherited)",
				);
				GCC_SYMBOLS_PRIVATE_EXTERN = NO;
				GCC_WARN_64_TO_32_BIT_CONVERSION = YES;
				GCC_WARN_ABOUT_RETURN_TYPE = YES_ERROR;
				GCC_WARN_UNDECLARED_SELECTOR = YES;
				GCC_WARN_UNINITIALIZED_AUTOS = YES_AGGRESSIVE;
				GCC_WARN_UNUSED_FUNCTION = YES;
				GCC_WARN_UNUSED_VARIABLE = YES;
				IPHONEOS_DEPLOYMENT_TARGET = 8.4;
				MTL_ENABLE_DEBUG_INFO = YES;
				ONLY_ACTIVE_ARCH = YES;
				SDKROOT = iphoneos;
			};
			name = Debug;
		};
		6C613EF91B5AD490001C0F23 /* Release */ = {
			isa = XCBuildConfiguration;
			buildSettings = {
				ALWAYS_SEARCH_USER_PATHS = NO;
				CLANG_CXX_LANGUAGE_STANDARD = "gnu++0x";
				CLANG_CXX_LIBRARY = "libc++";
				CLANG_ENABLE_MODULES = YES;
				CLANG_ENABLE_OBJC_ARC = YES;
				CLANG_WARN_BOOL_CONVERSION = YES;
				CLANG_WARN_CONSTANT_CONVERSION = YES;
				CLANG_WARN_DIRECT_OBJC_ISA_USAGE = YES_ERROR;
				CLANG_WARN_EMPTY_BODY = YES;
				CLANG_WARN_ENUM_CONVERSION = YES;
				CLANG_WARN_INT_CONVERSION = YES;
				CLANG_WARN_OBJC_ROOT_CLASS = YES_ERROR;
				CLANG_WARN_UNREACHABLE_CODE = YES;
				CLANG_WARN__DUPLICATE_METHOD_MATCH = YES;
				"CODE_SIGN_IDENTITY[sdk=iphoneos*]" = "iPhone Developer";
				COPY_PHASE_STRIP = NO;
				DEBUG_INFORMATION_FORMAT = "dwarf-with-dsym";
				ENABLE_NS_ASSERTIONS = NO;
				ENABLE_STRICT_OBJC_MSGSEND = YES;
				GCC_C_LANGUAGE_STANDARD = gnu99;
				GCC_NO_COMMON_BLOCKS = YES;
				GCC_WARN_64_TO_32_BIT_CONVERSION = YES;
				GCC_WARN_ABOUT_RETURN_TYPE = YES_ERROR;
				GCC_WARN_UNDECLARED_SELECTOR = YES;
				GCC_WARN_UNINITIALIZED_AUTOS = YES_AGGRESSIVE;
				GCC_WARN_UNUSED_FUNCTION = YES;
				GCC_WARN_UNUSED_VARIABLE = YES;
				IPHONEOS_DEPLOYMENT_TARGET = 8.4;
				MTL_ENABLE_DEBUG_INFO = NO;
				SDKROOT = iphoneos;
				VALIDATE_PRODUCT = YES;
			};
			name = Release;
		};
		6C613EFB1B5AD490001C0F23 /* Debug */ = {
			isa = XCBuildConfiguration;
			baseConfigurationReference = 03BF4AE552D78A67CEBAC699 /* Pods.debug.xcconfig */;
			buildSettings = {
				ASSETCATALOG_COMPILER_APPICON_NAME = AppIcon;
				INFOPLIST_FILE = 444tenFB/Info.plist;
				LD_RUNPATH_SEARCH_PATHS = "$(inherited) @executable_path/Frameworks";
				PRODUCT_NAME = "$(TARGET_NAME)";
			};
			name = Debug;
		};
		6C613EFC1B5AD490001C0F23 /* Release */ = {
			isa = XCBuildConfiguration;
			baseConfigurationReference = 99F80E15D91D3AFD99A641FA /* Pods.release.xcconfig */;
			buildSettings = {
				ASSETCATALOG_COMPILER_APPICON_NAME = AppIcon;
				INFOPLIST_FILE = 444tenFB/Info.plist;
				LD_RUNPATH_SEARCH_PATHS = "$(inherited) @executable_path/Frameworks";
				PRODUCT_NAME = "$(TARGET_NAME)";
			};
			name = Release;
		};
		6C613EFE1B5AD490001C0F23 /* Debug */ = {
			isa = XCBuildConfiguration;
			buildSettings = {
				BUNDLE_LOADER = "$(TEST_HOST)";
				FRAMEWORK_SEARCH_PATHS = (
					"$(SDKROOT)/Developer/Library/Frameworks",
					"$(inherited)",
				);
				GCC_PREPROCESSOR_DEFINITIONS = (
					"DEBUG=1",
					"$(inherited)",
				);
				INFOPLIST_FILE = 444tenFBTests/Info.plist;
				LD_RUNPATH_SEARCH_PATHS = "$(inherited) @executable_path/Frameworks @loader_path/Frameworks";
				PRODUCT_NAME = "$(TARGET_NAME)";
				TEST_HOST = "$(BUILT_PRODUCTS_DIR)/444tenFB.app/444tenFB";
			};
			name = Debug;
		};
		6C613EFF1B5AD490001C0F23 /* Release */ = {
			isa = XCBuildConfiguration;
			buildSettings = {
				BUNDLE_LOADER = "$(TEST_HOST)";
				FRAMEWORK_SEARCH_PATHS = (
					"$(SDKROOT)/Developer/Library/Frameworks",
					"$(inherited)",
				);
				INFOPLIST_FILE = 444tenFBTests/Info.plist;
				LD_RUNPATH_SEARCH_PATHS = "$(inherited) @executable_path/Frameworks @loader_path/Frameworks";
				PRODUCT_NAME = "$(TARGET_NAME)";
				TEST_HOST = "$(BUILT_PRODUCTS_DIR)/444tenFB.app/444tenFB";
			};
			name = Release;
		};
/* End XCBuildConfiguration section */

/* Begin XCConfigurationList section */
		6C613ED21B5AD490001C0F23 /* Build configuration list for PBXProject "444tenFB" */ = {
			isa = XCConfigurationList;
			buildConfigurations = (
				6C613EF81B5AD490001C0F23 /* Debug */,
				6C613EF91B5AD490001C0F23 /* Release */,
			);
			defaultConfigurationIsVisible = 0;
			defaultConfigurationName = Release;
		};
		6C613EFA1B5AD490001C0F23 /* Build configuration list for PBXNativeTarget "444tenFB" */ = {
			isa = XCConfigurationList;
			buildConfigurations = (
				6C613EFB1B5AD490001C0F23 /* Debug */,
				6C613EFC1B5AD490001C0F23 /* Release */,
			);
			defaultConfigurationIsVisible = 0;
			defaultConfigurationName = Release;
		};
		6C613EFD1B5AD490001C0F23 /* Build configuration list for PBXNativeTarget "444tenFBTests" */ = {
			isa = XCConfigurationList;
			buildConfigurations = (
				6C613EFE1B5AD490001C0F23 /* Debug */,
				6C613EFF1B5AD490001C0F23 /* Release */,
			);
			defaultConfigurationIsVisible = 0;
			defaultConfigurationName = Release;
		};
/* End XCConfigurationList section */
	};
	rootObject = 6C613ECF1B5AD490001C0F23 /* Project object */;
}
